
Microsoft Visual Studio Solution File, Format Version 12.00
# Visual Studio Version 17
VisualStudioVersion = 17.5.33424.131
MinimumVisualStudioVersion = 10.0.40219.1
Project("{9A19103F-16F7-4668-BE54-9A1E7A4F7556}") = "SecretSanta.Console", "src\SecretSanta.Console\SecretSanta.Console.csproj", "{10AD070B-0417-439E-B5F6-ADC1F56D905D}"
EndProject
Project("{FAE04EC0-301F-11D3-BF4B-00C04F79EFBC}") = "SecretSanta.Test", "test\SecretSanta.Test\SecretSanta.Test.csproj", "{BDA9B0A8-F8AB-4B96-95DE-026A13949631}"
EndProject
Project("{2150E333-8FDC-42A3-9474-1A3956D46DE8}") = "Test", "Test", "{E4478C38-0F54-4DF4-83F5-A544C5C317E2}"
EndProject
Project("{FAE04EC0-301F-11D3-BF4B-00C04F79EFBC}") = "SecretSanta", "src\SecretSanta.Core\SecretSanta.csproj", "{4F302D76-A2C5-4DAF-AE87-80CB4735FDEE}"
EndProject
Global
	GlobalSection(SolutionConfigurationPlatforms) = preSolution
		Debug|Any CPU = Debug|Any CPU
		Release|Any CPU = Release|Any CPU
	EndGlobalSection
	GlobalSection(ProjectConfigurationPlatforms) = postSolution
		{10AD070B-0417-439E-B5F6-ADC1F56D905D}.Debug|Any CPU.ActiveCfg = Debug|Any CPU
		{10AD070B-0417-439E-B5F6-ADC1F56D905D}.Debug|Any CPU.Build.0 = Debug|Any CPU
		{10AD070B-0417-439E-B5F6-ADC1F56D905D}.Release|Any CPU.ActiveCfg = Release|Any CPU
		{10AD070B-0417-439E-B5F6-ADC1F56D905D}.Release|Any CPU.Build.0 = Release|Any CPU
		{BDA9B0A8-F8AB-4B96-95DE-026A13949631}.Debug|Any CPU.ActiveCfg = Debug|Any CPU
		{BDA9B0A8-F8AB-4B96-95DE-026A13949631}.Debug|Any CPU.Build.0 = Debug|Any CPU
		{BDA9B0A8-F8AB-4B96-95DE-026A13949631}.Release|Any CPU.ActiveCfg = Release|Any CPU
		{BDA9B0A8-F8AB-4B96-95DE-026A13949631}.Release|Any CPU.Build.0 = Release|Any CPU
		{4F302D76-A2C5-4DAF-AE87-80CB4735FDEE}.Debug|Any CPU.ActiveCfg = Debug|Any CPU
		{4F302D76-A2C5-4DAF-AE87-80CB4735FDEE}.Debug|Any CPU.Build.0 = Debug|Any CPU
		{4F302D76-A2C5-4DAF-AE87-80CB4735FDEE}.Release|Any CPU.ActiveCfg = Release|Any CPU
		{4F302D76-A2C5-4DAF-AE87-80CB4735FDEE}.Release|Any CPU.Build.0 = Release|Any CPU
	EndGlobalSection
	GlobalSection(SolutionProperties) = preSolution
		HideSolutionNode = FALSE
	EndGlobalSection
	GlobalSection(NestedProjects) = preSolution
		{BDA9B0A8-F8AB-4B96-95DE-026A13949631} = {E4478C38-0F54-4DF4-83F5-A544C5C317E2}
	EndGlobalSection
	GlobalSection(ExtensibilityGlobals) = postSolution
		SolutionGuid = {20DEECAB-4AFA-401A-B048-B613339B663C}
	EndGlobalSection
EndGlobal
